
Microsoft Visual Studio Solution File, Format Version 12.00
# Visual Studio Version 17
VisualStudioVersion = 17.13.35828.75 d17.13
MinimumVisualStudioVersion = 10.0.40219.1
Project("{FAE04EC0-301F-11D3-BF4B-00C04F79EFBC}") = "API.Paises", "API.Paises\API.Paises.csproj", "{B650E936-B00A-44ED-A680-1AC6AE2DB3C7}"
EndProject
Global
	GlobalSection(SolutionConfigurationPlatforms) = preSolution
		Debug|Any CPU = Debug|Any CPU
		Release|Any CPU = Release|Any CPU
	EndGlobalSection
	GlobalSection(ProjectConfigurationPlatforms) = postSolution
		{B650E936-B00A-44ED-A680-1AC6AE2DB3C7}.Debug|Any CPU.ActiveCfg = Debug|Any CPU
		{B650E936-B00A-44ED-A680-1AC6AE2DB3C7}.Debug|Any CPU.Build.0 = Debug|Any CPU
		{B650E936-B00A-44ED-A680-1AC6AE2DB3C7}.Release|Any CPU.ActiveCfg = Release|Any CPU
		{B650E936-B00A-44ED-A680-1AC6AE2DB3C7}.Release|Any CPU.Build.0 = Release|Any CPU
	EndGlobalSection
	GlobalSection(SolutionProperties) = preSolution
		HideSolutionNode = FALSE
	EndGlobalSection
	GlobalSection(ExtensibilityGlobals) = postSolution
		SolutionGuid = {7CD99426-F660-4EDC-BB07-8A9F87AFE1CF}
	EndGlobalSection
EndGlobal
